# THIS IS AN AUTOGENERATED FILE. DO NOT EDIT THIS FILE DIRECTLY.
# yarn lockfile v1


"@vercel/analytics@^1.0.0":
  version "1.0.0"
  resolved "https://registry.yarnpkg.com/@vercel/analytics/-/analytics-1.0.0.tgz#7041bf3f14d65ab685f053b2fab09c605d12543e"
  integrity sha512-RQmj7pv82JwGDHrnKeRc6TtSw2U7rWNubc2IH0ernTzWTj02yr9zvIYiYJeztsBzrJtWv7m8Nz6vxxb+cdEtJw==
